
Microsoft Visual Studio Solution File, Format Version 12.00
# Visual Studio Version 17
VisualStudioVersion = 17.14.37516.0 d17.14
MinimumVisualStudioVersion = 10.0.40219.1
Project("{FAE04EC0-301F-11D3-BF4B-00C04F79EFBC}") = "ERP.AI", "ERP.AI.csproj", "{5D0001F6-D77D-F2B4-5605-8B8D65A1E2B2}"
EndProject
Global
	GlobalSection(SolutionConfigurationPlatforms) = preSolution
		Debug|Any CPU = Debug|Any CPU
		Release|Any CPU = Release|Any CPU
	EndGlobalSection
	GlobalSection(ProjectConfigurationPlatforms) = postSolution
		{5D0001F6-D77D-F2B4-5605-8B8D65A1E2B2}.Debug|Any CPU.ActiveCfg = Debug|Any CPU
		{5D0001F6-D77D-F2B4-5605-8B8D65A1E2B2}.Debug|Any CPU.Build.0 = Debug|Any CPU
		{5D0001F6-D77D-F2B4-5605-8B8D65A1E2B2}.Release|Any CPU.ActiveCfg = Release|Any CPU
		{5D0001F6-D77D-F2B4-5605-8B8D65A1E2B2}.Release|Any CPU.Build.0 = Release|Any CPU
	EndGlobalSection
	GlobalSection(SolutionProperties) = preSolution
		HideSolutionNode = FALSE
	EndGlobalSection
	GlobalSection(ExtensibilityGlobals) = postSolution
		SolutionGuid = {023844A6-0BC8-494F-9B6D-A16116064CA8}
	EndGlobalSection
EndGlobal
